Microsoft Visual Studio Solution File, Format Version 12.00
# Visual Studio Version 17
VisualStudioVersion = 17.9.34310.174
MinimumVisualStudioVersion = 10.0.40219.1
Project("{FAE04EC0-301F-11D3-BF4B-00C04F79EFBC}") = "FairPlayCombinedSln.AppHost", "FairPlayCombinedSln.AppHost\FairPlayCombinedSln.AppHost.csproj", "{7B6BB8DA-B4F8-417B-9993-6ED63520905D}"
EndProject
Project("{9A19103F-16F7-4668-BE54-9A1E7A4F7556}") = "FairPlayCombinedSln.ServiceDefaults", "FairPlayCombinedSln.ServiceDefaults\FairPlayCombinedSln.ServiceDefaults.csproj", "{82FEAF8F-C026-46A1-B4D3-5A78D8783E1B}"
EndProject
Project("{9A19103F-16F7-4668-BE54-9A1E7A4F7556}") = "FairPlayDating", "FairPlayDating\FairPlayDating.csproj", "{77B26E73-CF2B-4FE6-A5DB-411AD1C457DF}"
EndProject
Project("{9A19103F-16F7-4668-BE54-9A1E7A4F7556}") = "FairPlayTube", "FairPlayTube\FairPlayTube.csproj", "{7CCA0247-B8AA-4D35-8A43-44793BC2B3E4}"
EndProject
Project("{9A19103F-16F7-4668-BE54-9A1E7A4F7556}") = "FairPlayShop", "FairPlayShop\FairPlayShop.csproj", "{CB43CAC0-6371-4F67-BC5A-2078AD6879AE}"
EndProject
Global
	GlobalSection(SolutionConfigurationPlatforms) = preSolution
		Debug|Any CPU = Debug|Any CPU
		Release|Any CPU = Release|Any CPU
	EndGlobalSection
	GlobalSection(ProjectConfigurationPlatforms) = postSolution
		{7B6BB8DA-B4F8-417B-9993-6ED63520905D}.Debug|Any CPU.ActiveCfg = Debug|Any CPU
		{7B6BB8DA-B4F8-417B-9993-6ED63520905D}.Debug|Any CPU.Build.0 = Debug|Any CPU
		{7B6BB8DA-B4F8-417B-9993-6ED63520905D}.Release|Any CPU.ActiveCfg = Release|Any CPU
		{7B6BB8DA-B4F8-417B-9993-6ED63520905D}.Release|Any CPU.Build.0 = Release|Any CPU
		{82FEAF8F-C026-46A1-B4D3-5A78D8783E1B}.Debug|Any CPU.ActiveCfg = Debug|Any CPU
		{82FEAF8F-C026-46A1-B4D3-5A78D8783E1B}.Debug|Any CPU.Build.0 = Debug|Any CPU
		{82FEAF8F-C026-46A1-B4D3-5A78D8783E1B}.Release|Any CPU.ActiveCfg = Release|Any CPU
		{82FEAF8F-C026-46A1-B4D3-5A78D8783E1B}.Release|Any CPU.Build.0 = Release|Any CPU
		{77B26E73-CF2B-4FE6-A5DB-411AD1C457DF}.Debug|Any CPU.ActiveCfg = Debug|Any CPU
		{77B26E73-CF2B-4FE6-A5DB-411AD1C457DF}.Debug|Any CPU.Build.0 = Debug|Any CPU
		{77B26E73-CF2B-4FE6-A5DB-411AD1C457DF}.Release|Any CPU.ActiveCfg = Release|Any CPU
		{77B26E73-CF2B-4FE6-A5DB-411AD1C457DF}.Release|Any CPU.Build.0 = Release|Any CPU
		{7CCA0247-B8AA-4D35-8A43-44793BC2B3E4}.Debug|Any CPU.ActiveCfg = Debug|Any CPU
		{7CCA0247-B8AA-4D35-8A43-44793BC2B3E4}.Debug|Any CPU.Build.0 = Debug|Any CPU
		{7CCA0247-B8AA-4D35-8A43-44793BC2B3E4}.Release|Any CPU.ActiveCfg = Release|Any CPU
		{7CCA0247-B8AA-4D35-8A43-44793BC2B3E4}.Release|Any CPU.Build.0 = Release|Any CPU
		{CB43CAC0-6371-4F67-BC5A-2078AD6879AE}.Debug|Any CPU.ActiveCfg = Debug|Any CPU
		{CB43CAC0-6371-4F67-BC5A-2078AD6879AE}.Debug|Any CPU.Build.0 = Debug|Any CPU
		{CB43CAC0-6371-4F67-BC5A-2078AD6879AE}.Release|Any CPU.ActiveCfg = Release|Any CPU
		{CB43CAC0-6371-4F67-BC5A-2078AD6879AE}.Release|Any CPU.Build.0 = Release|Any CPU
	EndGlobalSection
	GlobalSection(SolutionProperties) = preSolution
		HideSolutionNode = FALSE
	EndGlobalSection
	GlobalSection(ExtensibilityGlobals) = postSolution
		SolutionGuid = {6652B1E5-088F-4C5A-AEC4-4D3FBFE4E474}
	EndGlobalSection
EndGlobal
