Microsoft Visual Studio Solution File, Format Version 12.00
# Visual Studio Version 17
VisualStudioVersion = 17.9.34310.174
MinimumVisualStudioVersion = 10.0.40219.1
Project("{9A19103F-16F7-4668-BE54-9A1E7A4F7556}") = "FairPlayCombinedSln.AppHost", "FairPlayCombinedSln.AppHost\FairPlayCombinedSln.AppHost.csproj", "{7B6BB8DA-B4F8-417B-9993-6ED63520905D}"
EndProject
Project("{9A19103F-16F7-4668-BE54-9A1E7A4F7556}") = "FairPlayCombinedSln.ServiceDefaults", "FairPlayCombinedSln.ServiceDefaults\FairPlayCombinedSln.ServiceDefaults.csproj", "{82FEAF8F-C026-46A1-B4D3-5A78D8783E1B}"
EndProject
Project("{9A19103F-16F7-4668-BE54-9A1E7A4F7556}") = "FairPlayDating", "FairPlayDating\FairPlayDating.csproj", "{77B26E73-CF2B-4FE6-A5DB-411AD1C457DF}"
EndProject
Project("{9A19103F-16F7-4668-BE54-9A1E7A4F7556}") = "FairPlayTube", "FairPlayTube\FairPlayTube.csproj", "{7CCA0247-B8AA-4D35-8A43-44793BC2B3E4}"
EndProject
Project("{9A19103F-16F7-4668-BE54-9A1E7A4F7556}") = "FairPlayShop", "FairPlayShop\FairPlayShop.csproj", "{CB43CAC0-6371-4F67-BC5A-2078AD6879AE}"
EndProject
Project("{00D1A9C2-B5F0-4AF3-8072-F6C62B433612}") = "FairPlayCombinedDb", "FairPlayCombinedDb\FairPlayCombinedDb.sqlproj", "{2C7B5B23-8334-4D00-8150-C2F93419475D}"
EndProject
Project("{9A19103F-16F7-4668-BE54-9A1E7A4F7556}") = "FairPlayCombined.DataAccess", "FairPlayCombined.DataAccess\FairPlayCombined.DataAccess.csproj", "{336BDA46-1536-4897-8EA3-74A6B625CA0D}"
EndProject
Project("{9A19103F-16F7-4668-BE54-9A1E7A4F7556}") = "FairPlayCombined.Services", "FairPlayCombined.Services\FairPlayCombined.Services.csproj", "{9458B340-8756-4DB8-A4B9-97188E242F0A}"
EndProject
Project("{9A19103F-16F7-4668-BE54-9A1E7A4F7556}") = "FairPlayCombined.Common", "FairPlayCombined.Common\FairPlayCombined.Common.csproj", "{32D3B253-8583-41A2-A19F-4A6C14526F22}"
EndProject
Project("{9A19103F-16F7-4668-BE54-9A1E7A4F7556}") = "FairPlayCombined.AutomatedTests", "FairPlayCombined.AutomatedTests\FairPlayCombined.AutomatedTests.csproj", "{93BF5F86-F177-452B-841F-BAB18256AE83}"
EndProject
Project("{9A19103F-16F7-4668-BE54-9A1E7A4F7556}") = "FairPlayCombined.CitiesImporter", "FairPlayCombined.CitiesImporter\FairPlayCombined.CitiesImporter.csproj", "{334144D0-192D-49AA-BA94-C2C00A6502AD}"
EndProject
Project("{9A19103F-16F7-4668-BE54-9A1E7A4F7556}") = "FairPlayAdminPortal", "FairPlayAdminPortal\FairPlayAdminPortal.csproj", "{94A1A35C-30DC-4B27-9E60-2AB0FAD94345}"
EndProject
Project("{9A19103F-16F7-4668-BE54-9A1E7A4F7556}") = "FairPlayCombined.Interfaces", "FairPlayCombined.Interfaces\FairPlayCombined.Interfaces.csproj", "{4847FB22-B3B8-4CFF-B551-7CD442BF6C27}"
EndProject
Project("{9A19103F-16F7-4668-BE54-9A1E7A4F7556}") = "FairPlayCombined.Models", "FairPlayCombined.Models\FairPlayCombined.Models.csproj", "{C9C2123D-5FB2-45B3-AEA0-8A701F9859A3}"
EndProject
Project("{9A19103F-16F7-4668-BE54-9A1E7A4F7556}") = "FairPlayCombined.Shared", "FairPlayCombined.Shared\FairPlayCombined.Shared.csproj", "{35E567D1-EF40-4479-A5FB-631DF7F0A8A7}"
EndProject
Project("{9A19103F-16F7-4668-BE54-9A1E7A4F7556}") = "FairPlaySocial", "FairPlaySocial\FairPlaySocial.csproj", "{EE186520-5524-4CDD-BDED-D63001FD0312}"
EndProject
Project("{9A19103F-16F7-4668-BE54-9A1E7A4F7556}") = "FairPlayCombined.Services.Generators", "FairPlayCombined.Services.Generators\FairPlayCombined.Services.Generators.csproj", "{E227BBDF-874A-4422-84E1-19C8AB56B134}"
EndProject
Project("{9A19103F-16F7-4668-BE54-9A1E7A4F7556}") = "FairPlayDating.TestDataGenerator", "FairPlayDating.TestDataGenerator\FairPlayDating.TestDataGenerator.csproj", "{5CFD5E0C-7026-4626-AE79-A115CF53BDDF}"
EndProject
Project("{9A19103F-16F7-4668-BE54-9A1E7A4F7556}") = "FairPlaySocial.TestDataGenerator", "FairPlaySocial.TestDataGenerator\FairPlaySocial.TestDataGenerator.csproj", "{292D99FB-2FB1-47CF-9416-D75D882E25F6}"
EndProject
Project("{9A19103F-16F7-4668-BE54-9A1E7A4F7556}") = "FairPlayCombined.LocalizationGenerator", "FairPlayCombined.LocalizationGenerator\FairPlayCombined.LocalizationGenerator.csproj", "{C626F492-7DF4-40DB-A03E-B81A5D85043D}"
EndProject
Project("{9A19103F-16F7-4668-BE54-9A1E7A4F7556}") = "FairPlayAdminPortal.MAUI", "FairPlayAdminPortal.MAUI\FairPlayAdminPortal.MAUI.csproj", "{F3D6D5B8-C350-47EC-940D-6837472532B4}"
EndProject
Project("{9A19103F-16F7-4668-BE54-9A1E7A4F7556}") = "FairPlayDating.MAUI", "FairPlayDating.MAUI\FairPlayDating.MAUI.csproj", "{729D4CE1-D581-4437-9A38-99C9B05BEB89}"
EndProject
Project("{9A19103F-16F7-4668-BE54-9A1E7A4F7556}") = "FairPlayShop.MAUI", "FairPlayShop.MAUI\FairPlayShop.MAUI.csproj", "{C15C31CC-CC6D-4CD0-83E0-507EA319D663}"
EndProject
Project("{9A19103F-16F7-4668-BE54-9A1E7A4F7556}") = "FairPlaySocial.MAUI", "FairPlaySocial.MAUI\FairPlaySocial.MAUI.csproj", "{24D02CCE-C983-4056-BD94-687B2773CE65}"
EndProject
Project("{9A19103F-16F7-4668-BE54-9A1E7A4F7556}") = "FairPlayTube.MAUI", "FairPlayTube.MAUI\FairPlayTube.MAUI.csproj", "{8CA19959-D59B-4248-9521-A42BCB64C069}"
EndProject
Project("{9A19103F-16F7-4668-BE54-9A1E7A4F7556}") = "FairPlaySocial.ClientServices", "FairPlaySocial.ClientServices\FairPlaySocial.ClientServices.csproj", "{C6B162AE-9C58-4EBF-A1F4-AB63B19AE497}"
EndProject
Project("{9A19103F-16F7-4668-BE54-9A1E7A4F7556}") = "FairPlayTube.VideoIndexing", "FairPlayTube.VideoIndexing\FairPlayTube.VideoIndexing.csproj", "{8CD1B883-7E49-4EF8-80A3-E80FA26180E4}"
EndProject
Project("{9A19103F-16F7-4668-BE54-9A1E7A4F7556}") = "FairPlayCombined.DatabaseManager", "FairPlayCombined.DatabaseManager\FairPlayCombined.DatabaseManager.csproj", "{EC4EF30F-747D-43F8-9D9E-757038943EC7}"
EndProject
Project("{9A19103F-16F7-4668-BE54-9A1E7A4F7556}") = "FairPlayBudget", "FairPlayBudget\FairPlayBudget.csproj", "{7A94972A-A31B-4AA8-98F4-55D0A215173E}"
EndProject
Project("{2150E333-8FDC-42A3-9474-1A3956D46DE8}") = "Solution Items", "Solution Items", "{123F2EE1-42C9-418B-89DE-1B1809B3CC8A}"
	ProjectSection(SolutionItems) = preProject
		.editorconfig = .editorconfig
	EndProjectSection
EndProject
Project("{9A19103F-16F7-4668-BE54-9A1E7A4F7556}") = "FairPlayCombined.Services.AI", "FairPlayCombined.Services.AI\FairPlayCombined.Services.AI.csproj", "{3BC719E3-8407-4B97-96AC-C61FE2DC0BF3}"
EndProject
Project("{FAE04EC0-301F-11D3-BF4B-00C04F79EFBC}") = "FairPlayCombined.Migrations", "FairPlayCombined.Migrations\FairPlayCombined.Migrations.csproj", "{1BAEDFA1-2B3A-4C18-9C38-BFAF2C95D94F}"
EndProject
Global
	GlobalSection(SolutionConfigurationPlatforms) = preSolution
		Debug_Enable_Paid_Tests|Any CPU = Debug_Enable_Paid_Tests|Any CPU
		Debug|Any CPU = Debug|Any CPU
		Release|Any CPU = Release|Any CPU
	EndGlobalSection
	GlobalSection(ProjectConfigurationPlatforms) = postSolution
		{7B6BB8DA-B4F8-417B-9993-6ED63520905D}.Debug_Enable_Paid_Tests|Any CPU.ActiveCfg = Debug_Enable_Paid_Tests|Any CPU
		{7B6BB8DA-B4F8-417B-9993-6ED63520905D}.Debug_Enable_Paid_Tests|Any CPU.Build.0 = Debug_Enable_Paid_Tests|Any CPU
		{7B6BB8DA-B4F8-417B-9993-6ED63520905D}.Debug|Any CPU.ActiveCfg = Debug|Any CPU
		{7B6BB8DA-B4F8-417B-9993-6ED63520905D}.Debug|Any CPU.Build.0 = Debug|Any CPU
		{7B6BB8DA-B4F8-417B-9993-6ED63520905D}.Release|Any CPU.ActiveCfg = Release|Any CPU
		{7B6BB8DA-B4F8-417B-9993-6ED63520905D}.Release|Any CPU.Build.0 = Release|Any CPU
		{82FEAF8F-C026-46A1-B4D3-5A78D8783E1B}.Debug_Enable_Paid_Tests|Any CPU.ActiveCfg = Debug_Enable_Paid_Tests|Any CPU
		{82FEAF8F-C026-46A1-B4D3-5A78D8783E1B}.Debug_Enable_Paid_Tests|Any CPU.Build.0 = Debug_Enable_Paid_Tests|Any CPU
		{82FEAF8F-C026-46A1-B4D3-5A78D8783E1B}.Debug|Any CPU.ActiveCfg = Debug|Any CPU
		{82FEAF8F-C026-46A1-B4D3-5A78D8783E1B}.Debug|Any CPU.Build.0 = Debug|Any CPU
		{82FEAF8F-C026-46A1-B4D3-5A78D8783E1B}.Release|Any CPU.ActiveCfg = Release|Any CPU
		{82FEAF8F-C026-46A1-B4D3-5A78D8783E1B}.Release|Any CPU.Build.0 = Release|Any CPU
		{77B26E73-CF2B-4FE6-A5DB-411AD1C457DF}.Debug_Enable_Paid_Tests|Any CPU.ActiveCfg = Debug_Enable_Paid_Tests|Any CPU
		{77B26E73-CF2B-4FE6-A5DB-411AD1C457DF}.Debug_Enable_Paid_Tests|Any CPU.Build.0 = Debug_Enable_Paid_Tests|Any CPU
		{77B26E73-CF2B-4FE6-A5DB-411AD1C457DF}.Debug|Any CPU.ActiveCfg = Debug|Any CPU
		{77B26E73-CF2B-4FE6-A5DB-411AD1C457DF}.Debug|Any CPU.Build.0 = Debug|Any CPU
		{77B26E73-CF2B-4FE6-A5DB-411AD1C457DF}.Release|Any CPU.ActiveCfg = Release|Any CPU
		{77B26E73-CF2B-4FE6-A5DB-411AD1C457DF}.Release|Any CPU.Build.0 = Release|Any CPU
		{7CCA0247-B8AA-4D35-8A43-44793BC2B3E4}.Debug_Enable_Paid_Tests|Any CPU.ActiveCfg = Debug_Enable_Paid_Tests|Any CPU
		{7CCA0247-B8AA-4D35-8A43-44793BC2B3E4}.Debug_Enable_Paid_Tests|Any CPU.Build.0 = Debug_Enable_Paid_Tests|Any CPU
		{7CCA0247-B8AA-4D35-8A43-44793BC2B3E4}.Debug|Any CPU.ActiveCfg = Debug|Any CPU
		{7CCA0247-B8AA-4D35-8A43-44793BC2B3E4}.Debug|Any CPU.Build.0 = Debug|Any CPU
		{7CCA0247-B8AA-4D35-8A43-44793BC2B3E4}.Release|Any CPU.ActiveCfg = Release|Any CPU
		{7CCA0247-B8AA-4D35-8A43-44793BC2B3E4}.Release|Any CPU.Build.0 = Release|Any CPU
		{CB43CAC0-6371-4F67-BC5A-2078AD6879AE}.Debug_Enable_Paid_Tests|Any CPU.ActiveCfg = Debug_Enable_Paid_Tests|Any CPU
		{CB43CAC0-6371-4F67-BC5A-2078AD6879AE}.Debug_Enable_Paid_Tests|Any CPU.Build.0 = Debug_Enable_Paid_Tests|Any CPU
		{CB43CAC0-6371-4F67-BC5A-2078AD6879AE}.Debug|Any CPU.ActiveCfg = Debug|Any CPU
		{CB43CAC0-6371-4F67-BC5A-2078AD6879AE}.Debug|Any CPU.Build.0 = Debug|Any CPU
		{CB43CAC0-6371-4F67-BC5A-2078AD6879AE}.Release|Any CPU.ActiveCfg = Release|Any CPU
		{CB43CAC0-6371-4F67-BC5A-2078AD6879AE}.Release|Any CPU.Build.0 = Release|Any CPU
		{2C7B5B23-8334-4D00-8150-C2F93419475D}.Debug_Enable_Paid_Tests|Any CPU.ActiveCfg = Debug_Enable_Paid_Tests|Any CPU
		{2C7B5B23-8334-4D00-8150-C2F93419475D}.Debug_Enable_Paid_Tests|Any CPU.Build.0 = Debug_Enable_Paid_Tests|Any CPU
		{2C7B5B23-8334-4D00-8150-C2F93419475D}.Debug_Enable_Paid_Tests|Any CPU.Deploy.0 = Debug_Enable_Paid_Tests|Any CPU
		{2C7B5B23-8334-4D00-8150-C2F93419475D}.Debug|Any CPU.ActiveCfg = Debug|Any CPU
		{2C7B5B23-8334-4D00-8150-C2F93419475D}.Debug|Any CPU.Build.0 = Debug|Any CPU
		{2C7B5B23-8334-4D00-8150-C2F93419475D}.Debug|Any CPU.Deploy.0 = Debug|Any CPU
		{2C7B5B23-8334-4D00-8150-C2F93419475D}.Release|Any CPU.ActiveCfg = Release|Any CPU
		{2C7B5B23-8334-4D00-8150-C2F93419475D}.Release|Any CPU.Build.0 = Release|Any CPU
		{2C7B5B23-8334-4D00-8150-C2F93419475D}.Release|Any CPU.Deploy.0 = Release|Any CPU
		{336BDA46-1536-4897-8EA3-74A6B625CA0D}.Debug_Enable_Paid_Tests|Any CPU.ActiveCfg = Debug_Enable_Paid_Tests|Any CPU
		{336BDA46-1536-4897-8EA3-74A6B625CA0D}.Debug_Enable_Paid_Tests|Any CPU.Build.0 = Debug_Enable_Paid_Tests|Any CPU
		{336BDA46-1536-4897-8EA3-74A6B625CA0D}.Debug|Any CPU.ActiveCfg = Debug|Any CPU
		{336BDA46-1536-4897-8EA3-74A6B625CA0D}.Debug|Any CPU.Build.0 = Debug|Any CPU
		{336BDA46-1536-4897-8EA3-74A6B625CA0D}.Release|Any CPU.ActiveCfg = Release|Any CPU
		{336BDA46-1536-4897-8EA3-74A6B625CA0D}.Release|Any CPU.Build.0 = Release|Any CPU
		{9458B340-8756-4DB8-A4B9-97188E242F0A}.Debug_Enable_Paid_Tests|Any CPU.ActiveCfg = Debug_Enable_Paid_Tests|Any CPU
		{9458B340-8756-4DB8-A4B9-97188E242F0A}.Debug_Enable_Paid_Tests|Any CPU.Build.0 = Debug_Enable_Paid_Tests|Any CPU
		{9458B340-8756-4DB8-A4B9-97188E242F0A}.Debug|Any CPU.ActiveCfg = Debug|Any CPU
		{9458B340-8756-4DB8-A4B9-97188E242F0A}.Debug|Any CPU.Build.0 = Debug|Any CPU
		{9458B340-8756-4DB8-A4B9-97188E242F0A}.Release|Any CPU.ActiveCfg = Release|Any CPU
		{9458B340-8756-4DB8-A4B9-97188E242F0A}.Release|Any CPU.Build.0 = Release|Any CPU
		{32D3B253-8583-41A2-A19F-4A6C14526F22}.Debug_Enable_Paid_Tests|Any CPU.ActiveCfg = Debug_Enable_Paid_Tests|Any CPU
		{32D3B253-8583-41A2-A19F-4A6C14526F22}.Debug_Enable_Paid_Tests|Any CPU.Build.0 = Debug_Enable_Paid_Tests|Any CPU
		{32D3B253-8583-41A2-A19F-4A6C14526F22}.Debug|Any CPU.ActiveCfg = Debug|Any CPU
		{32D3B253-8583-41A2-A19F-4A6C14526F22}.Debug|Any CPU.Build.0 = Debug|Any CPU
		{32D3B253-8583-41A2-A19F-4A6C14526F22}.Release|Any CPU.ActiveCfg = Release|Any CPU
		{32D3B253-8583-41A2-A19F-4A6C14526F22}.Release|Any CPU.Build.0 = Release|Any CPU
		{93BF5F86-F177-452B-841F-BAB18256AE83}.Debug_Enable_Paid_Tests|Any CPU.ActiveCfg = Debug_Enable_Paid_Tests|Any CPU
		{93BF5F86-F177-452B-841F-BAB18256AE83}.Debug_Enable_Paid_Tests|Any CPU.Build.0 = Debug_Enable_Paid_Tests|Any CPU
		{93BF5F86-F177-452B-841F-BAB18256AE83}.Debug|Any CPU.ActiveCfg = Debug|Any CPU
		{93BF5F86-F177-452B-841F-BAB18256AE83}.Debug|Any CPU.Build.0 = Debug|Any CPU
		{93BF5F86-F177-452B-841F-BAB18256AE83}.Release|Any CPU.ActiveCfg = Release|Any CPU
		{93BF5F86-F177-452B-841F-BAB18256AE83}.Release|Any CPU.Build.0 = Release|Any CPU
		{334144D0-192D-49AA-BA94-C2C00A6502AD}.Debug_Enable_Paid_Tests|Any CPU.ActiveCfg = Debug_Enable_Paid_Tests|Any CPU
		{334144D0-192D-49AA-BA94-C2C00A6502AD}.Debug_Enable_Paid_Tests|Any CPU.Build.0 = Debug_Enable_Paid_Tests|Any CPU
		{334144D0-192D-49AA-BA94-C2C00A6502AD}.Debug|Any CPU.ActiveCfg = Debug|Any CPU
		{334144D0-192D-49AA-BA94-C2C00A6502AD}.Debug|Any CPU.Build.0 = Debug|Any CPU
		{334144D0-192D-49AA-BA94-C2C00A6502AD}.Release|Any CPU.ActiveCfg = Release|Any CPU
		{334144D0-192D-49AA-BA94-C2C00A6502AD}.Release|Any CPU.Build.0 = Release|Any CPU
		{94A1A35C-30DC-4B27-9E60-2AB0FAD94345}.Debug_Enable_Paid_Tests|Any CPU.ActiveCfg = Debug_Enable_Paid_Tests|Any CPU
		{94A1A35C-30DC-4B27-9E60-2AB0FAD94345}.Debug_Enable_Paid_Tests|Any CPU.Build.0 = Debug_Enable_Paid_Tests|Any CPU
		{94A1A35C-30DC-4B27-9E60-2AB0FAD94345}.Debug|Any CPU.ActiveCfg = Debug|Any CPU
		{94A1A35C-30DC-4B27-9E60-2AB0FAD94345}.Debug|Any CPU.Build.0 = Debug|Any CPU
		{94A1A35C-30DC-4B27-9E60-2AB0FAD94345}.Release|Any CPU.ActiveCfg = Release|Any CPU
		{94A1A35C-30DC-4B27-9E60-2AB0FAD94345}.Release|Any CPU.Build.0 = Release|Any CPU
		{4847FB22-B3B8-4CFF-B551-7CD442BF6C27}.Debug_Enable_Paid_Tests|Any CPU.ActiveCfg = Debug_Enable_Paid_Tests|Any CPU
		{4847FB22-B3B8-4CFF-B551-7CD442BF6C27}.Debug_Enable_Paid_Tests|Any CPU.Build.0 = Debug_Enable_Paid_Tests|Any CPU
		{4847FB22-B3B8-4CFF-B551-7CD442BF6C27}.Debug|Any CPU.ActiveCfg = Debug|Any CPU
		{4847FB22-B3B8-4CFF-B551-7CD442BF6C27}.Debug|Any CPU.Build.0 = Debug|Any CPU
		{4847FB22-B3B8-4CFF-B551-7CD442BF6C27}.Release|Any CPU.ActiveCfg = Release|Any CPU
		{4847FB22-B3B8-4CFF-B551-7CD442BF6C27}.Release|Any CPU.Build.0 = Release|Any CPU
		{C9C2123D-5FB2-45B3-AEA0-8A701F9859A3}.Debug_Enable_Paid_Tests|Any CPU.ActiveCfg = Debug_Enable_Paid_Tests|Any CPU
		{C9C2123D-5FB2-45B3-AEA0-8A701F9859A3}.Debug_Enable_Paid_Tests|Any CPU.Build.0 = Debug_Enable_Paid_Tests|Any CPU
		{C9C2123D-5FB2-45B3-AEA0-8A701F9859A3}.Debug|Any CPU.ActiveCfg = Debug|Any CPU
		{C9C2123D-5FB2-45B3-AEA0-8A701F9859A3}.Debug|Any CPU.Build.0 = Debug|Any CPU
		{C9C2123D-5FB2-45B3-AEA0-8A701F9859A3}.Release|Any CPU.ActiveCfg = Release|Any CPU
		{C9C2123D-5FB2-45B3-AEA0-8A701F9859A3}.Release|Any CPU.Build.0 = Release|Any CPU
		{35E567D1-EF40-4479-A5FB-631DF7F0A8A7}.Debug_Enable_Paid_Tests|Any CPU.ActiveCfg = Debug_Enable_Paid_Tests|Any CPU
		{35E567D1-EF40-4479-A5FB-631DF7F0A8A7}.Debug_Enable_Paid_Tests|Any CPU.Build.0 = Debug_Enable_Paid_Tests|Any CPU
		{35E567D1-EF40-4479-A5FB-631DF7F0A8A7}.Debug|Any CPU.ActiveCfg = Debug|Any CPU
		{35E567D1-EF40-4479-A5FB-631DF7F0A8A7}.Debug|Any CPU.Build.0 = Debug|Any CPU
		{35E567D1-EF40-4479-A5FB-631DF7F0A8A7}.Release|Any CPU.ActiveCfg = Release|Any CPU
		{35E567D1-EF40-4479-A5FB-631DF7F0A8A7}.Release|Any CPU.Build.0 = Release|Any CPU
		{EE186520-5524-4CDD-BDED-D63001FD0312}.Debug_Enable_Paid_Tests|Any CPU.ActiveCfg = Debug_Enable_Paid_Tests|Any CPU
		{EE186520-5524-4CDD-BDED-D63001FD0312}.Debug_Enable_Paid_Tests|Any CPU.Build.0 = Debug_Enable_Paid_Tests|Any CPU
		{EE186520-5524-4CDD-BDED-D63001FD0312}.Debug|Any CPU.ActiveCfg = Debug|Any CPU
		{EE186520-5524-4CDD-BDED-D63001FD0312}.Debug|Any CPU.Build.0 = Debug|Any CPU
		{EE186520-5524-4CDD-BDED-D63001FD0312}.Release|Any CPU.ActiveCfg = Release|Any CPU
		{EE186520-5524-4CDD-BDED-D63001FD0312}.Release|Any CPU.Build.0 = Release|Any CPU
		{E227BBDF-874A-4422-84E1-19C8AB56B134}.Debug_Enable_Paid_Tests|Any CPU.ActiveCfg = Debug_Enable_Paid_Tests|Any CPU
		{E227BBDF-874A-4422-84E1-19C8AB56B134}.Debug_Enable_Paid_Tests|Any CPU.Build.0 = Debug_Enable_Paid_Tests|Any CPU
		{E227BBDF-874A-4422-84E1-19C8AB56B134}.Debug|Any CPU.ActiveCfg = Debug|Any CPU
		{E227BBDF-874A-4422-84E1-19C8AB56B134}.Debug|Any CPU.Build.0 = Debug|Any CPU
		{E227BBDF-874A-4422-84E1-19C8AB56B134}.Release|Any CPU.ActiveCfg = Release|Any CPU
		{E227BBDF-874A-4422-84E1-19C8AB56B134}.Release|Any CPU.Build.0 = Release|Any CPU
		{5CFD5E0C-7026-4626-AE79-A115CF53BDDF}.Debug_Enable_Paid_Tests|Any CPU.ActiveCfg = Debug_Enable_Paid_Tests|Any CPU
		{5CFD5E0C-7026-4626-AE79-A115CF53BDDF}.Debug_Enable_Paid_Tests|Any CPU.Build.0 = Debug_Enable_Paid_Tests|Any CPU
		{5CFD5E0C-7026-4626-AE79-A115CF53BDDF}.Debug|Any CPU.ActiveCfg = Debug|Any CPU
		{5CFD5E0C-7026-4626-AE79-A115CF53BDDF}.Debug|Any CPU.Build.0 = Debug|Any CPU
		{5CFD5E0C-7026-4626-AE79-A115CF53BDDF}.Release|Any CPU.ActiveCfg = Release|Any CPU
		{5CFD5E0C-7026-4626-AE79-A115CF53BDDF}.Release|Any CPU.Build.0 = Release|Any CPU
		{292D99FB-2FB1-47CF-9416-D75D882E25F6}.Debug_Enable_Paid_Tests|Any CPU.ActiveCfg = Debug_Enable_Paid_Tests|Any CPU
		{292D99FB-2FB1-47CF-9416-D75D882E25F6}.Debug_Enable_Paid_Tests|Any CPU.Build.0 = Debug_Enable_Paid_Tests|Any CPU
		{292D99FB-2FB1-47CF-9416-D75D882E25F6}.Debug|Any CPU.ActiveCfg = Debug|Any CPU
		{292D99FB-2FB1-47CF-9416-D75D882E25F6}.Debug|Any CPU.Build.0 = Debug|Any CPU
		{292D99FB-2FB1-47CF-9416-D75D882E25F6}.Release|Any CPU.ActiveCfg = Release|Any CPU
		{292D99FB-2FB1-47CF-9416-D75D882E25F6}.Release|Any CPU.Build.0 = Release|Any CPU
		{C626F492-7DF4-40DB-A03E-B81A5D85043D}.Debug_Enable_Paid_Tests|Any CPU.ActiveCfg = Debug_Enable_Paid_Tests|Any CPU
		{C626F492-7DF4-40DB-A03E-B81A5D85043D}.Debug_Enable_Paid_Tests|Any CPU.Build.0 = Debug_Enable_Paid_Tests|Any CPU
		{C626F492-7DF4-40DB-A03E-B81A5D85043D}.Debug|Any CPU.ActiveCfg = Debug|Any CPU
		{C626F492-7DF4-40DB-A03E-B81A5D85043D}.Debug|Any CPU.Build.0 = Debug|Any CPU
		{C626F492-7DF4-40DB-A03E-B81A5D85043D}.Release|Any CPU.ActiveCfg = Release|Any CPU
		{C626F492-7DF4-40DB-A03E-B81A5D85043D}.Release|Any CPU.Build.0 = Release|Any CPU
		{F3D6D5B8-C350-47EC-940D-6837472532B4}.Debug_Enable_Paid_Tests|Any CPU.ActiveCfg = Debug_Enable_Paid_Tests|Any CPU
		{F3D6D5B8-C350-47EC-940D-6837472532B4}.Debug_Enable_Paid_Tests|Any CPU.Build.0 = Debug_Enable_Paid_Tests|Any CPU
		{F3D6D5B8-C350-47EC-940D-6837472532B4}.Debug_Enable_Paid_Tests|Any CPU.Deploy.0 = Debug_Enable_Paid_Tests|Any CPU
		{F3D6D5B8-C350-47EC-940D-6837472532B4}.Debug|Any CPU.ActiveCfg = Debug|Any CPU
		{F3D6D5B8-C350-47EC-940D-6837472532B4}.Debug|Any CPU.Build.0 = Debug|Any CPU
		{F3D6D5B8-C350-47EC-940D-6837472532B4}.Debug|Any CPU.Deploy.0 = Debug|Any CPU
		{F3D6D5B8-C350-47EC-940D-6837472532B4}.Release|Any CPU.ActiveCfg = Release|Any CPU
		{F3D6D5B8-C350-47EC-940D-6837472532B4}.Release|Any CPU.Build.0 = Release|Any CPU
		{F3D6D5B8-C350-47EC-940D-6837472532B4}.Release|Any CPU.Deploy.0 = Release|Any CPU
		{729D4CE1-D581-4437-9A38-99C9B05BEB89}.Debug_Enable_Paid_Tests|Any CPU.ActiveCfg = Debug_Enable_Paid_Tests|Any CPU
		{729D4CE1-D581-4437-9A38-99C9B05BEB89}.Debug_Enable_Paid_Tests|Any CPU.Build.0 = Debug_Enable_Paid_Tests|Any CPU
		{729D4CE1-D581-4437-9A38-99C9B05BEB89}.Debug_Enable_Paid_Tests|Any CPU.Deploy.0 = Debug_Enable_Paid_Tests|Any CPU
		{729D4CE1-D581-4437-9A38-99C9B05BEB89}.Debug|Any CPU.ActiveCfg = Debug|Any CPU
		{729D4CE1-D581-4437-9A38-99C9B05BEB89}.Debug|Any CPU.Build.0 = Debug|Any CPU
		{729D4CE1-D581-4437-9A38-99C9B05BEB89}.Debug|Any CPU.Deploy.0 = Debug|Any CPU
		{729D4CE1-D581-4437-9A38-99C9B05BEB89}.Release|Any CPU.ActiveCfg = Release|Any CPU
		{729D4CE1-D581-4437-9A38-99C9B05BEB89}.Release|Any CPU.Build.0 = Release|Any CPU
		{729D4CE1-D581-4437-9A38-99C9B05BEB89}.Release|Any CPU.Deploy.0 = Release|Any CPU
		{C15C31CC-CC6D-4CD0-83E0-507EA319D663}.Debug_Enable_Paid_Tests|Any CPU.ActiveCfg = Debug_Enable_Paid_Tests|Any CPU
		{C15C31CC-CC6D-4CD0-83E0-507EA319D663}.Debug_Enable_Paid_Tests|Any CPU.Build.0 = Debug_Enable_Paid_Tests|Any CPU
		{C15C31CC-CC6D-4CD0-83E0-507EA319D663}.Debug_Enable_Paid_Tests|Any CPU.Deploy.0 = Debug_Enable_Paid_Tests|Any CPU
		{C15C31CC-CC6D-4CD0-83E0-507EA319D663}.Debug|Any CPU.ActiveCfg = Debug|Any CPU
		{C15C31CC-CC6D-4CD0-83E0-507EA319D663}.Debug|Any CPU.Build.0 = Debug|Any CPU
		{C15C31CC-CC6D-4CD0-83E0-507EA319D663}.Debug|Any CPU.Deploy.0 = Debug|Any CPU
		{C15C31CC-CC6D-4CD0-83E0-507EA319D663}.Release|Any CPU.ActiveCfg = Release|Any CPU
		{C15C31CC-CC6D-4CD0-83E0-507EA319D663}.Release|Any CPU.Build.0 = Release|Any CPU
		{C15C31CC-CC6D-4CD0-83E0-507EA319D663}.Release|Any CPU.Deploy.0 = Release|Any CPU
		{24D02CCE-C983-4056-BD94-687B2773CE65}.Debug_Enable_Paid_Tests|Any CPU.ActiveCfg = Debug_Enable_Paid_Tests|Any CPU
		{24D02CCE-C983-4056-BD94-687B2773CE65}.Debug_Enable_Paid_Tests|Any CPU.Build.0 = Debug_Enable_Paid_Tests|Any CPU
		{24D02CCE-C983-4056-BD94-687B2773CE65}.Debug_Enable_Paid_Tests|Any CPU.Deploy.0 = Debug_Enable_Paid_Tests|Any CPU
		{24D02CCE-C983-4056-BD94-687B2773CE65}.Debug|Any CPU.ActiveCfg = Debug|Any CPU
		{24D02CCE-C983-4056-BD94-687B2773CE65}.Debug|Any CPU.Build.0 = Debug|Any CPU
		{24D02CCE-C983-4056-BD94-687B2773CE65}.Debug|Any CPU.Deploy.0 = Debug|Any CPU
		{24D02CCE-C983-4056-BD94-687B2773CE65}.Release|Any CPU.ActiveCfg = Release|Any CPU
		{24D02CCE-C983-4056-BD94-687B2773CE65}.Release|Any CPU.Build.0 = Release|Any CPU
		{24D02CCE-C983-4056-BD94-687B2773CE65}.Release|Any CPU.Deploy.0 = Release|Any CPU
		{8CA19959-D59B-4248-9521-A42BCB64C069}.Debug_Enable_Paid_Tests|Any CPU.ActiveCfg = Debug_Enable_Paid_Tests|Any CPU
		{8CA19959-D59B-4248-9521-A42BCB64C069}.Debug_Enable_Paid_Tests|Any CPU.Build.0 = Debug_Enable_Paid_Tests|Any CPU
		{8CA19959-D59B-4248-9521-A42BCB64C069}.Debug_Enable_Paid_Tests|Any CPU.Deploy.0 = Debug_Enable_Paid_Tests|Any CPU
		{8CA19959-D59B-4248-9521-A42BCB64C069}.Debug|Any CPU.ActiveCfg = Debug|Any CPU
		{8CA19959-D59B-4248-9521-A42BCB64C069}.Debug|Any CPU.Build.0 = Debug|Any CPU
		{8CA19959-D59B-4248-9521-A42BCB64C069}.Debug|Any CPU.Deploy.0 = Debug|Any CPU
		{8CA19959-D59B-4248-9521-A42BCB64C069}.Release|Any CPU.ActiveCfg = Release|Any CPU
		{8CA19959-D59B-4248-9521-A42BCB64C069}.Release|Any CPU.Build.0 = Release|Any CPU
		{8CA19959-D59B-4248-9521-A42BCB64C069}.Release|Any CPU.Deploy.0 = Release|Any CPU
		{C6B162AE-9C58-4EBF-A1F4-AB63B19AE497}.Debug_Enable_Paid_Tests|Any CPU.ActiveCfg = Debug_Enable_Paid_Tests|Any CPU
		{C6B162AE-9C58-4EBF-A1F4-AB63B19AE497}.Debug_Enable_Paid_Tests|Any CPU.Build.0 = Debug_Enable_Paid_Tests|Any CPU
		{C6B162AE-9C58-4EBF-A1F4-AB63B19AE497}.Debug|Any CPU.ActiveCfg = Debug|Any CPU
		{C6B162AE-9C58-4EBF-A1F4-AB63B19AE497}.Debug|Any CPU.Build.0 = Debug|Any CPU
		{C6B162AE-9C58-4EBF-A1F4-AB63B19AE497}.Release|Any CPU.ActiveCfg = Release|Any CPU
		{C6B162AE-9C58-4EBF-A1F4-AB63B19AE497}.Release|Any CPU.Build.0 = Release|Any CPU
		{8CD1B883-7E49-4EF8-80A3-E80FA26180E4}.Debug_Enable_Paid_Tests|Any CPU.ActiveCfg = Debug_Enable_Paid_Tests|Any CPU
		{8CD1B883-7E49-4EF8-80A3-E80FA26180E4}.Debug_Enable_Paid_Tests|Any CPU.Build.0 = Debug_Enable_Paid_Tests|Any CPU
		{8CD1B883-7E49-4EF8-80A3-E80FA26180E4}.Debug|Any CPU.ActiveCfg = Debug|Any CPU
		{8CD1B883-7E49-4EF8-80A3-E80FA26180E4}.Debug|Any CPU.Build.0 = Debug|Any CPU
		{8CD1B883-7E49-4EF8-80A3-E80FA26180E4}.Release|Any CPU.ActiveCfg = Release|Any CPU
		{8CD1B883-7E49-4EF8-80A3-E80FA26180E4}.Release|Any CPU.Build.0 = Release|Any CPU
		{EC4EF30F-747D-43F8-9D9E-757038943EC7}.Debug_Enable_Paid_Tests|Any CPU.ActiveCfg = Debug_Enable_Paid_Tests|Any CPU
		{EC4EF30F-747D-43F8-9D9E-757038943EC7}.Debug_Enable_Paid_Tests|Any CPU.Build.0 = Debug_Enable_Paid_Tests|Any CPU
		{EC4EF30F-747D-43F8-9D9E-757038943EC7}.Debug|Any CPU.ActiveCfg = Debug|Any CPU
		{EC4EF30F-747D-43F8-9D9E-757038943EC7}.Debug|Any CPU.Build.0 = Debug|Any CPU
		{EC4EF30F-747D-43F8-9D9E-757038943EC7}.Release|Any CPU.ActiveCfg = Release|Any CPU
		{EC4EF30F-747D-43F8-9D9E-757038943EC7}.Release|Any CPU.Build.0 = Release|Any CPU
		{7A94972A-A31B-4AA8-98F4-55D0A215173E}.Debug_Enable_Paid_Tests|Any CPU.ActiveCfg = Debug_Enable_Paid_Tests|Any CPU
		{7A94972A-A31B-4AA8-98F4-55D0A215173E}.Debug_Enable_Paid_Tests|Any CPU.Build.0 = Debug_Enable_Paid_Tests|Any CPU
		{7A94972A-A31B-4AA8-98F4-55D0A215173E}.Debug|Any CPU.ActiveCfg = Debug|Any CPU
		{7A94972A-A31B-4AA8-98F4-55D0A215173E}.Debug|Any CPU.Build.0 = Debug|Any CPU
		{7A94972A-A31B-4AA8-98F4-55D0A215173E}.Release|Any CPU.ActiveCfg = Release|Any CPU
		{7A94972A-A31B-4AA8-98F4-55D0A215173E}.Release|Any CPU.Build.0 = Release|Any CPU
		{3BC719E3-8407-4B97-96AC-C61FE2DC0BF3}.Debug_Enable_Paid_Tests|Any CPU.ActiveCfg = Debug|Any CPU
		{3BC719E3-8407-4B97-96AC-C61FE2DC0BF3}.Debug_Enable_Paid_Tests|Any CPU.Build.0 = Debug|Any CPU
		{3BC719E3-8407-4B97-96AC-C61FE2DC0BF3}.Debug|Any CPU.ActiveCfg = Debug|Any CPU
		{3BC719E3-8407-4B97-96AC-C61FE2DC0BF3}.Debug|Any CPU.Build.0 = Debug|Any CPU
		{3BC719E3-8407-4B97-96AC-C61FE2DC0BF3}.Release|Any CPU.ActiveCfg = Release|Any CPU
		{3BC719E3-8407-4B97-96AC-C61FE2DC0BF3}.Release|Any CPU.Build.0 = Release|Any CPU
		{1BAEDFA1-2B3A-4C18-9C38-BFAF2C95D94F}.Debug_Enable_Paid_Tests|Any CPU.ActiveCfg = Debug|Any CPU
		{1BAEDFA1-2B3A-4C18-9C38-BFAF2C95D94F}.Debug_Enable_Paid_Tests|Any CPU.Build.0 = Debug|Any CPU
		{1BAEDFA1-2B3A-4C18-9C38-BFAF2C95D94F}.Debug|Any CPU.ActiveCfg = Debug|Any CPU
		{1BAEDFA1-2B3A-4C18-9C38-BFAF2C95D94F}.Debug|Any CPU.Build.0 = Debug|Any CPU
		{1BAEDFA1-2B3A-4C18-9C38-BFAF2C95D94F}.Release|Any CPU.ActiveCfg = Release|Any CPU
		{1BAEDFA1-2B3A-4C18-9C38-BFAF2C95D94F}.Release|Any CPU.Build.0 = Release|Any CPU
	EndGlobalSection
	GlobalSection(SolutionProperties) = preSolution
		HideSolutionNode = FALSE
	EndGlobalSection
	GlobalSection(ExtensibilityGlobals) = postSolution
		SolutionGuid = {6652B1E5-088F-4C5A-AEC4-4D3FBFE4E474}
	EndGlobalSection
EndGlobal
